
Microsoft Visual Studio Solution File, Format Version 12.00
# Visual Studio Version 17
VisualStudioVersion = 17.0.31903.59
MinimumVisualStudioVersion = 10.0.40219.1
Project("{FAE04EC0-301F-11D3-BF4B-00C04F79EFBC}") = "CodeHolder", "CodeHolder\CodeHolder.csproj", "{ABAD426D-C9AB-4A09-A874-73793E79F411}"
EndProject
Project("{FAE04EC0-301F-11D3-BF4B-00C04F79EFBC}") = "CodeHolder.Tests", "CodeHolder.Tests\CodeHolder.Tests.csproj", "{1C93B30C-6DAB-4E69-A1D3-63427F87F910}"
EndProject
Project("{FAE04EC0-301F-11D3-BF4B-00C04F79EFBC}") = "CodeHolder.Main", "CodeHolder.Main\CodeHolder.Main.csproj", "{10146AB5-9FF0-43B9-B147-69A831002D39}"
EndProject
Global
	GlobalSection(SolutionConfigurationPlatforms) = preSolution
		Debug|Any CPU = Debug|Any CPU
		Release|Any CPU = Release|Any CPU
	EndGlobalSection
	GlobalSection(SolutionProperties) = preSolution
		HideSolutionNode = FALSE
	EndGlobalSection
	GlobalSection(ProjectConfigurationPlatforms) = postSolution
		{ABAD426D-C9AB-4A09-A874-73793E79F411}.Debug|Any CPU.ActiveCfg = Debug|Any CPU
		{ABAD426D-C9AB-4A09-A874-73793E79F411}.Debug|Any CPU.Build.0 = Debug|Any CPU
		{ABAD426D-C9AB-4A09-A874-73793E79F411}.Release|Any CPU.ActiveCfg = Release|Any CPU
		{ABAD426D-C9AB-4A09-A874-73793E79F411}.Release|Any CPU.Build.0 = Release|Any CPU
		{1C93B30C-6DAB-4E69-A1D3-63427F87F910}.Debug|Any CPU.ActiveCfg = Debug|Any CPU
		{1C93B30C-6DAB-4E69-A1D3-63427F87F910}.Debug|Any CPU.Build.0 = Debug|Any CPU
		{1C93B30C-6DAB-4E69-A1D3-63427F87F910}.Release|Any CPU.ActiveCfg = Release|Any CPU
		{1C93B30C-6DAB-4E69-A1D3-63427F87F910}.Release|Any CPU.Build.0 = Release|Any CPU
		{10146AB5-9FF0-43B9-B147-69A831002D39}.Debug|Any CPU.ActiveCfg = Debug|Any CPU
		{10146AB5-9FF0-43B9-B147-69A831002D39}.Debug|Any CPU.Build.0 = Debug|Any CPU
		{10146AB5-9FF0-43B9-B147-69A831002D39}.Release|Any CPU.ActiveCfg = Release|Any CPU
		{10146AB5-9FF0-43B9-B147-69A831002D39}.Release|Any CPU.Build.0 = Release|Any CPU
	EndGlobalSection
EndGlobal
